# Encceja 2026 · Plataforma de Estudos

Plataforma gratuita de estudos para o Encceja 2026 (Ensino Médio), com conteúdo das 4 áreas oficiais organizado em módulos e tópicos, vídeo-aulas embed do YouTube, e progresso salvo automaticamente no navegador.

## Stack

- React 18 + Vite 6
- lucide-react (ícones)
- YouTube embed nativo (sem APIs externas)
- localStorage para progresso

## Rodar localmente

```bash
npm install
npm run dev
```

Abre em `http://localhost:5173`.

## Build

```bash
npm run build
```

Saída em `/dist`.

## Deploy

Configurado para Vercel. Detecção automática de Vite.

---

Feito com ❤ por Studio Wes
